
Microsoft Visual Studio Solution File, Format Version 12.00
# Visual Studio Version 16
VisualStudioVersion = 16.0.29009.5
MinimumVisualStudioVersion = 10.0.40219.1
Project("{9A19103F-16F7-4668-BE54-9A1E7A4F7556}") = "Flashcards.Api", "Flashcards.Api\Flashcards.Api.csproj", "{5F492510-E2D4-408C-A395-F9D5F2731351}"
EndProject
Project("{9A19103F-16F7-4668-BE54-9A1E7A4F7556}") = "Flashcards.Domain", "Flashcards.Domain\Flashcards.Domain.csproj", "{A1DCD62A-63B7-49ED-A481-AC1C8C1808A9}"
EndProject
Project("{9A19103F-16F7-4668-BE54-9A1E7A4F7556}") = "Flashcards.Infrastructure", "Flashcards.Infrastructure\Flashcards.Infrastructure.csproj", "{446284B5-DE9E-41C5-86F1-A7B87B908AC0}"
EndProject
Project("{9A19103F-16F7-4668-BE54-9A1E7A4F7556}") = "Flashcards.Core", "Flashcards.Core\Flashcards.Core.csproj", "{7859554D-035D-4B64-90F9-50E3017B2590}"
EndProject
Project("{FAE04EC0-301F-11D3-BF4B-00C04F79EFBC}") = "Flashcards.Importer", "..\Importer\Flashcards.Importer\Flashcards.Importer.csproj", "{23F9F057-3720-4CF3-B217-926CAA03D832}"
EndProject
Project("{FAE04EC0-301F-11D3-BF4B-00C04F79EFBC}") = "Flashcards.Importer.Tests", "..\Importer\Flashcards.Importer.Tests\Flashcards.Importer.Tests.csproj", "{889B9FF9-5A29-4804-9609-0F601845F6FC}"
EndProject
Global
	GlobalSection(SolutionConfigurationPlatforms) = preSolution
		Debug|Any CPU = Debug|Any CPU
		Release|Any CPU = Release|Any CPU
	EndGlobalSection
	GlobalSection(ProjectConfigurationPlatforms) = postSolution
		{5F492510-E2D4-408C-A395-F9D5F2731351}.Debug|Any CPU.ActiveCfg = Debug|Any CPU
		{5F492510-E2D4-408C-A395-F9D5F2731351}.Debug|Any CPU.Build.0 = Debug|Any CPU
		{5F492510-E2D4-408C-A395-F9D5F2731351}.Release|Any CPU.ActiveCfg = Release|Any CPU
		{5F492510-E2D4-408C-A395-F9D5F2731351}.Release|Any CPU.Build.0 = Release|Any CPU
		{A1DCD62A-63B7-49ED-A481-AC1C8C1808A9}.Debug|Any CPU.ActiveCfg = Debug|Any CPU
		{A1DCD62A-63B7-49ED-A481-AC1C8C1808A9}.Debug|Any CPU.Build.0 = Debug|Any CPU
		{A1DCD62A-63B7-49ED-A481-AC1C8C1808A9}.Release|Any CPU.ActiveCfg = Release|Any CPU
		{A1DCD62A-63B7-49ED-A481-AC1C8C1808A9}.Release|Any CPU.Build.0 = Release|Any CPU
		{446284B5-DE9E-41C5-86F1-A7B87B908AC0}.Debug|Any CPU.ActiveCfg = Debug|Any CPU
		{446284B5-DE9E-41C5-86F1-A7B87B908AC0}.Debug|Any CPU.Build.0 = Debug|Any CPU
		{446284B5-DE9E-41C5-86F1-A7B87B908AC0}.Release|Any CPU.ActiveCfg = Release|Any CPU
		{446284B5-DE9E-41C5-86F1-A7B87B908AC0}.Release|Any CPU.Build.0 = Release|Any CPU
		{7859554D-035D-4B64-90F9-50E3017B2590}.Debug|Any CPU.ActiveCfg = Debug|Any CPU
		{7859554D-035D-4B64-90F9-50E3017B2590}.Debug|Any CPU.Build.0 = Debug|Any CPU
		{7859554D-035D-4B64-90F9-50E3017B2590}.Release|Any CPU.ActiveCfg = Release|Any CPU
		{7859554D-035D-4B64-90F9-50E3017B2590}.Release|Any CPU.Build.0 = Release|Any CPU
		{23F9F057-3720-4CF3-B217-926CAA03D832}.Debug|Any CPU.ActiveCfg = Debug|Any CPU
		{23F9F057-3720-4CF3-B217-926CAA03D832}.Debug|Any CPU.Build.0 = Debug|Any CPU
		{23F9F057-3720-4CF3-B217-926CAA03D832}.Release|Any CPU.ActiveCfg = Release|Any CPU
		{23F9F057-3720-4CF3-B217-926CAA03D832}.Release|Any CPU.Build.0 = Release|Any CPU
		{889B9FF9-5A29-4804-9609-0F601845F6FC}.Debug|Any CPU.ActiveCfg = Debug|Any CPU
		{889B9FF9-5A29-4804-9609-0F601845F6FC}.Debug|Any CPU.Build.0 = Debug|Any CPU
		{889B9FF9-5A29-4804-9609-0F601845F6FC}.Release|Any CPU.ActiveCfg = Release|Any CPU
		{889B9FF9-5A29-4804-9609-0F601845F6FC}.Release|Any CPU.Build.0 = Release|Any CPU
	EndGlobalSection
	GlobalSection(SolutionProperties) = preSolution
		HideSolutionNode = FALSE
	EndGlobalSection
	GlobalSection(ExtensibilityGlobals) = postSolution
		SolutionGuid = {06091953-7A76-4C75-8A84-36D7A238CB56}
	EndGlobalSection
EndGlobal
