
Microsoft Visual Studio Solution File, Format Version 12.00
# Visual Studio 15
VisualStudioVersion = 15.0.27428.2011
MinimumVisualStudioVersion = 10.0.40219.1
Project("{FAE04EC0-301F-11D3-BF4B-00C04F79EFBC}") = "Flashcards.Api", "Flashcards.Api\Flashcards.Api.csproj", "{5F492510-E2D4-408C-A395-F9D5F2731351}"
EndProject
Project("{FAE04EC0-301F-11D3-BF4B-00C04F79EFBC}") = "Flashcards.Domain", "Flashcards.Domain\Flashcards.Domain.csproj", "{A1DCD62A-63B7-49ED-A481-AC1C8C1808A9}"
EndProject
Project("{FAE04EC0-301F-11D3-BF4B-00C04F79EFBC}") = "Flashcards.Infrastructure", "Flashcards.Infrastructure\Flashcards.Infrastructure.csproj", "{446284B5-DE9E-41C5-86F1-A7B87B908AC0}"
EndProject
Global
	GlobalSection(SolutionConfigurationPlatforms) = preSolution
		Debug|Any CPU = Debug|Any CPU
		Release|Any CPU = Release|Any CPU
	EndGlobalSection
	GlobalSection(ProjectConfigurationPlatforms) = postSolution
		{5F492510-E2D4-408C-A395-F9D5F2731351}.Debug|Any CPU.ActiveCfg = Debug|Any CPU
		{5F492510-E2D4-408C-A395-F9D5F2731351}.Debug|Any CPU.Build.0 = Debug|Any CPU
		{5F492510-E2D4-408C-A395-F9D5F2731351}.Release|Any CPU.ActiveCfg = Release|Any CPU
		{5F492510-E2D4-408C-A395-F9D5F2731351}.Release|Any CPU.Build.0 = Release|Any CPU
		{A1DCD62A-63B7-49ED-A481-AC1C8C1808A9}.Debug|Any CPU.ActiveCfg = Debug|Any CPU
		{A1DCD62A-63B7-49ED-A481-AC1C8C1808A9}.Debug|Any CPU.Build.0 = Debug|Any CPU
		{A1DCD62A-63B7-49ED-A481-AC1C8C1808A9}.Release|Any CPU.ActiveCfg = Release|Any CPU
		{A1DCD62A-63B7-49ED-A481-AC1C8C1808A9}.Release|Any CPU.Build.0 = Release|Any CPU
		{446284B5-DE9E-41C5-86F1-A7B87B908AC0}.Debug|Any CPU.ActiveCfg = Debug|Any CPU
		{446284B5-DE9E-41C5-86F1-A7B87B908AC0}.Debug|Any CPU.Build.0 = Debug|Any CPU
		{446284B5-DE9E-41C5-86F1-A7B87B908AC0}.Release|Any CPU.ActiveCfg = Release|Any CPU
		{446284B5-DE9E-41C5-86F1-A7B87B908AC0}.Release|Any CPU.Build.0 = Release|Any CPU
	EndGlobalSection
	GlobalSection(SolutionProperties) = preSolution
		HideSolutionNode = FALSE
	EndGlobalSection
	GlobalSection(ExtensibilityGlobals) = postSolution
		SolutionGuid = {06091953-7A76-4C75-8A84-36D7A238CB56}
	EndGlobalSection
EndGlobal
